// !$*UTF8*$!
{
	archiveVersion = 1;
	classes = {
	};
	objectVersion = 56;
	objects = {

/* Begin PBXBuildFile section */
		346D2B212C63B21600717164 /* BaseView.swift in Sources */ = {isa = PBXBuildFile; fileRef = 346D2B202C63B21600717164 /* BaseView.swift */; };
		34A341412C4FEFB4001481F4 /* AppDelegate.swift in Sources */ = {isa = PBXBuildFile; fileRef = 34A341402C4FEFB4001481F4 /* AppDelegate.swift */; };
		34A341432C4FEFB5001481F4 /* Assets.xcassets in Resources */ = {isa = PBXBuildFile; fileRef = 34A341422C4FEFB5001481F4 /* Assets.xcassets */; };
		34A341462C4FEFB5001481F4 /* Base in Resources */ = {isa = PBXBuildFile; fileRef = 34A341452C4FEFB5001481F4 /* Base */; };
		34A3414F2C4FF3BF001481F4 /* PermissionsService.swift in Sources */ = {isa = PBXBuildFile; fileRef = 34A3414E2C4FF3BF001481F4 /* PermissionsService.swift */; };
		34A341542C4FF72D001481F4 /* SnapKit in Frameworks */ = {isa = PBXBuildFile; productRef = 34A341532C4FF72D001481F4 /* SnapKit */; };
		34BDBBF12C593D4A009DF4C3 /* MainPanel.swift in Sources */ = {isa = PBXBuildFile; fileRef = 34BDBBF02C593D4A009DF4C3 /* MainPanel.swift */; };
		34BDBBF42C593D7F009DF4C3 /* KeyboardShortcuts in Frameworks */ = {isa = PBXBuildFile; productRef = 34BDBBF32C593D7F009DF4C3 /* KeyboardShortcuts */; };
		34BDBBF62C593D97009DF4C3 /* MainViewController.swift in Sources */ = {isa = PBXBuildFile; fileRef = 34BDBBF52C593D97009DF4C3 /* MainViewController.swift */; };
		34C37E432C564B4300B6E38A /* AXUIElement+Base.swift in Sources */ = {isa = PBXBuildFile; fileRef = 34C37E422C564B4300B6E38A /* AXUIElement+Base.swift */; };
		34F4860D2C5943C200CF3115 /* OpenAI in Frameworks */ = {isa = PBXBuildFile; productRef = 34F4860C2C5943C200CF3115 /* OpenAI */; };
		34F486102C5943E600CF3115 /* SwiftyUserDefaults in Frameworks */ = {isa = PBXBuildFile; productRef = 34F4860F2C5943E600CF3115 /* SwiftyUserDefaults */; };
		34F486132C59443A00CF3115 /* Write.swift in Sources */ = {isa = PBXBuildFile; fileRef = 34F486122C59443A00CF3115 /* Write.swift */; };
		34F486152C5944EB00CF3115 /* Chatgpt.swift in Sources */ = {isa = PBXBuildFile; fileRef = 34F486142C5944EB00CF3115 /* Chatgpt.swift */; };
		34F486182C59457500CF3115 /* OpenAPIKit in Frameworks */ = {isa = PBXBuildFile; productRef = 34F486172C59457500CF3115 /* OpenAPIKit */; };
		34F4861A2C59457500CF3115 /* OpenAPIKit30 in Frameworks */ = {isa = PBXBuildFile; productRef = 34F486192C59457500CF3115 /* OpenAPIKit30 */; };
		34F4861C2C59457500CF3115 /* OpenAPIKitCompat in Frameworks */ = {isa = PBXBuildFile; productRef = 34F4861B2C59457500CF3115 /* OpenAPIKitCompat */; };
/* End PBXBuildFile section */

/* Begin PBXFileReference section */
		346D2B202C63B21600717164 /* BaseView.swift */ = {isa = PBXFileReference; fileEncoding = 4; lastKnownFileType = sourcecode.swift; path = BaseView.swift; sourceTree = "<group>"; };
		34A3413D2C4FEFB4001481F4 /* AIInput.app */ = {isa = PBXFileReference; explicitFileType = wrapper.application; includeInIndex = 0; path = AIInput.app; sourceTree = BUILT_PRODUCTS_DIR; };
		34A341402C4FEFB4001481F4 /* AppDelegate.swift */ = {isa = PBXFileReference; lastKnownFileType = sourcecode.swift; path = AppDelegate.swift; sourceTree = "<group>"; };
		34A341422C4FEFB5001481F4 /* Assets.xcassets */ = {isa = PBXFileReference; lastKnownFileType = folder.assetcatalog; path = Assets.xcassets; sourceTree = "<group>"; };
		34A341452C4FEFB5001481F4 /* Base */ = {isa = PBXFileReference; lastKnownFileType = file.xib; name = Base; path = Base.lproj/MainMenu.xib; sourceTree = "<group>"; };
		34A341472C4FEFB5001481F4 /* AIInput.entitlements */ = {isa = PBXFileReference; lastKnownFileType = text.plist.entitlements; path = AIInput.entitlements; sourceTree = "<group>"; };
		34A3414D2C4FF15F001481F4 /* Info.plist */ = {isa = PBXFileReference; lastKnownFileType = text.plist; path = Info.plist; sourceTree = "<group>"; };
		34A3414E2C4FF3BF001481F4 /* PermissionsService.swift */ = {isa = PBXFileReference; lastKnownFileType = sourcecode.swift; path = PermissionsService.swift; sourceTree = "<group>"; };
		34BDBBF02C593D4A009DF4C3 /* MainPanel.swift */ = {isa = PBXFileReference; lastKnownFileType = sourcecode.swift; path = MainPanel.swift; sourceTree = "<group>"; };
		34BDBBF52C593D97009DF4C3 /* MainViewController.swift */ = {isa = PBXFileReference; lastKnownFileType = sourcecode.swift; path = MainViewController.swift; sourceTree = "<group>"; };
		34C37E422C564B4300B6E38A /* AXUIElement+Base.swift */ = {isa = PBXFileReference; fileEncoding = 4; lastKnownFileType = sourcecode.swift; path = "AXUIElement+Base.swift"; sourceTree = "<group>"; };
		34F486122C59443A00CF3115 /* Write.swift */ = {isa = PBXFileReference; lastKnownFileType = sourcecode.swift; path = Write.swift; sourceTree = "<group>"; };
		34F486142C5944EB00CF3115 /* Chatgpt.swift */ = {isa = PBXFileReference; lastKnownFileType = sourcecode.swift; path = Chatgpt.swift; sourceTree = "<group>"; };
/* End PBXFileReference section */

/* Begin PBXFrameworksBuildPhase section */
		34A3413A2C4FEFB4001481F4 /* Frameworks */ = {
			isa = PBXFrameworksBuildPhase;
			buildActionMask = 2147483647;
			files = (
				34A341542C4FF72D001481F4 /* SnapKit in Frameworks */,
				34F4861A2C59457500CF3115 /* OpenAPIKit30 in Frameworks */,
				34F4860D2C5943C200CF3115 /* OpenAI in Frameworks */,
				34BDBBF42C593D7F009DF4C3 /* KeyboardShortcuts in Frameworks */,
				34F486102C5943E600CF3115 /* SwiftyUserDefaults in Frameworks */,
				34F486182C59457500CF3115 /* OpenAPIKit in Frameworks */,
				34F4861C2C59457500CF3115 /* OpenAPIKitCompat in Frameworks */,
			);
			runOnlyForDeploymentPostprocessing = 0;
		};
/* End PBXFrameworksBuildPhase section */

/* Begin PBXGroup section */
		34A341342C4FEFB4001481F4 = {
			isa = PBXGroup;
			children = (
				34A3413F2C4FEFB4001481F4 /* AIInput */,
				34A3413E2C4FEFB4001481F4 /* Products */,
			);
			sourceTree = "<group>";
		};
		34A3413E2C4FEFB4001481F4 /* Products */ = {
			isa = PBXGroup;
			children = (
				34A3413D2C4FEFB4001481F4 /* AIInput.app */,
			);
			name = Products;
			sourceTree = "<group>";
		};
		34A3413F2C4FEFB4001481F4 /* AIInput */ = {
			isa = PBXGroup;
			children = (
				346D2B202C63B21600717164 /* BaseView.swift */,
				34F486112C59442200CF3115 /* AIWrite */,
				34A3414D2C4FF15F001481F4 /* Info.plist */,
				34C37E422C564B4300B6E38A /* AXUIElement+Base.swift */,
				34BDBBF52C593D97009DF4C3 /* MainViewController.swift */,
				34A341402C4FEFB4001481F4 /* AppDelegate.swift */,
				34A3414E2C4FF3BF001481F4 /* PermissionsService.swift */,
				34BDBBF02C593D4A009DF4C3 /* MainPanel.swift */,
				34A341422C4FEFB5001481F4 /* Assets.xcassets */,
				34A341442C4FEFB5001481F4 /* MainMenu.xib */,
				34A341472C4FEFB5001481F4 /* AIInput.entitlements */,
			);
			path = AIInput;
			sourceTree = "<group>";
		};
		34F486112C59442200CF3115 /* AIWrite */ = {
			isa = PBXGroup;
			children = (
				34F486122C59443A00CF3115 /* Write.swift */,
				34F486142C5944EB00CF3115 /* Chatgpt.swift */,
			);
			path = AIWrite;
			sourceTree = "<group>";
		};
/* End PBXGroup section */

/* Begin PBXNativeTarget section */
		34A3413C2C4FEFB4001481F4 /* AIInput */ = {
			isa = PBXNativeTarget;
			buildConfigurationList = 34A3414A2C4FEFB5001481F4 /* Build configuration list for PBXNativeTarget "AIInput" */;
			buildPhases = (
				34A341392C4FEFB4001481F4 /* Sources */,
				34A3413A2C4FEFB4001481F4 /* Frameworks */,
				34A3413B2C4FEFB4001481F4 /* Resources */,
			);
			buildRules = (
			);
			dependencies = (
			);
			name = AIInput;
			packageProductDependencies = (
				34A341532C4FF72D001481F4 /* SnapKit */,
				34BDBBF32C593D7F009DF4C3 /* KeyboardShortcuts */,
				34F4860C2C5943C200CF3115 /* OpenAI */,
				34F4860F2C5943E600CF3115 /* SwiftyUserDefaults */,
				34F486172C59457500CF3115 /* OpenAPIKit */,
				34F486192C59457500CF3115 /* OpenAPIKit30 */,
				34F4861B2C59457500CF3115 /* OpenAPIKitCompat */,
			);
			productName = AIInput;
			productReference = 34A3413D2C4FEFB4001481F4 /* AIInput.app */;
			productType = "com.apple.product-type.application";
		};
/* End PBXNativeTarget section */

/* Begin PBXProject section */
		34A341352C4FEFB4001481F4 /* Project object */ = {
			isa = PBXProject;
			attributes = {
				BuildIndependentTargetsInParallel = 1;
				LastSwiftUpdateCheck = 1540;
				LastUpgradeCheck = 1540;
				TargetAttributes = {
					34A3413C2C4FEFB4001481F4 = {
						CreatedOnToolsVersion = 15.4;
					};
				};
			};
			buildConfigurationList = 34A341382C4FEFB4001481F4 /* Build configuration list for PBXProject "AIInput" */;
			compatibilityVersion = "Xcode 14.0";
			developmentRegion = en;
			hasScannedForEncodings = 0;
			knownRegions = (
				en,
				Base,
			);
			mainGroup = 34A341342C4FEFB4001481F4;
			packageReferences = (
				34A341522C4FF72D001481F4 /* XCRemoteSwiftPackageReference "SnapKit" */,
				34BDBBF22C593D7F009DF4C3 /* XCRemoteSwiftPackageReference "KeyboardShortcuts" */,
				34F4860B2C5943C200CF3115 /* XCRemoteSwiftPackageReference "OpenAI" */,
				34F4860E2C5943E600CF3115 /* XCRemoteSwiftPackageReference "SwiftyUserDefaults" */,
				34F486162C59457500CF3115 /* XCRemoteSwiftPackageReference "OpenAPIKit" */,
			);
			productRefGroup = 34A3413E2C4FEFB4001481F4 /* Products */;
			projectDirPath = "";
			projectRoot = "";
			targets = (
				34A3413C2C4FEFB4001481F4 /* AIInput */,
			);
		};
/* End PBXProject section */

/* Begin PBXResourcesBuildPhase section */
		34A3413B2C4FEFB4001481F4 /* Resources */ = {
			isa = PBXResourcesBuildPhase;
			buildActionMask = 2147483647;
			files = (
				34A341432C4FEFB5001481F4 /* Assets.xcassets in Resources */,
				34A341462C4FEFB5001481F4 /* Base in Resources */,
			);
			runOnlyForDeploymentPostprocessing = 0;
		};
/* End PBXResourcesBuildPhase section */

/* Begin PBXSourcesBuildPhase section */
		34A341392C4FEFB4001481F4 /* Sources */ = {
			isa = PBXSourcesBuildPhase;
			buildActionMask = 2147483647;
			files = (
				34A3414F2C4FF3BF001481F4 /* PermissionsService.swift in Sources */,
				34F486152C5944EB00CF3115 /* Chatgpt.swift in Sources */,
				34F486132C59443A00CF3115 /* Write.swift in Sources */,
				34A341412C4FEFB4001481F4 /* AppDelegate.swift in Sources */,
				34BDBBF62C593D97009DF4C3 /* MainViewController.swift in Sources */,
				34BDBBF12C593D4A009DF4C3 /* MainPanel.swift in Sources */,
				34C37E432C564B4300B6E38A /* AXUIElement+Base.swift in Sources */,
				346D2B212C63B21600717164 /* BaseView.swift in Sources */,
			);
			runOnlyForDeploymentPostprocessing = 0;
		};
/* End PBXSourcesBuildPhase section */

/* Begin PBXVariantGroup section */
		34A341442C4FEFB5001481F4 /* MainMenu.xib */ = {
			isa = PBXVariantGroup;
			children = (
				34A341452C4FEFB5001481F4 /* Base */,
			);
			name = MainMenu.xib;
			sourceTree = "<group>";
		};
/* End PBXVariantGroup section */

/* Begin XCBuildConfiguration section */
		34A341482C4FEFB5001481F4 /* Debug */ = {
			isa = XCBuildConfiguration;
			buildSettings = {
				ALWAYS_SEARCH_USER_PATHS = NO;
				ASSETCATALOG_COMPILER_GENERATE_SWIFT_ASSET_SYMBOL_EXTENSIONS = YES;
				CLANG_ANALYZER_NONNULL = YES;
				CLANG_ANALYZER_NUMBER_OBJECT_CONVERSION = YES_AGGRESSIVE;
				CLANG_CXX_LANGUAGE_STANDARD = "gnu++20";
				CLANG_ENABLE_MODULES = YES;
				CLANG_ENABLE_OBJC_ARC = YES;
				CLANG_ENABLE_OBJC_WEAK = YES;
				CLANG_WARN_BLOCK_CAPTURE_AUTORELEASING = YES;
				CLANG_WARN_BOOL_CONVERSION = YES;
				CLANG_WARN_COMMA = YES;
				CLANG_WARN_CONSTANT_CONVERSION = YES;
				CLANG_WARN_DEPRECATED_OBJC_IMPLEMENTATIONS = YES;
				CLANG_WARN_DIRECT_OBJC_ISA_USAGE = YES_ERROR;
				CLANG_WARN_DOCUMENTATION_COMMENTS = YES;
				CLANG_WARN_EMPTY_BODY = YES;
				CLANG_WARN_ENUM_CONVERSION = YES;
				CLANG_WARN_INFINITE_RECURSION = YES;
				CLANG_WARN_INT_CONVERSION = YES;
				CLANG_WARN_NON_LITERAL_NULL_CONVERSION = YES;
				CLANG_WARN_OBJC_IMPLICIT_RETAIN_SELF = YES;
				CLANG_WARN_OBJC_LITERAL_CONVERSION = YES;
				CLANG_WARN_OBJC_ROOT_CLASS = YES_ERROR;
				CLANG_WARN_QUOTED_INCLUDE_IN_FRAMEWORK_HEADER = YES;
				CLANG_WARN_RANGE_LOOP_ANALYSIS = YES;
				CLANG_WARN_STRICT_PROTOTYPES = YES;
				CLANG_WARN_SUSPICIOUS_MOVE = YES;
				CLANG_WARN_UNGUARDED_AVAILABILITY = YES_AGGRESSIVE;
				CLANG_WARN_UNREACHABLE_CODE = YES;
				CLANG_WARN__DUPLICATE_METHOD_MATCH = YES;
				COPY_PHASE_STRIP = NO;
				DEBUG_INFORMATION_FORMAT = dwarf;
				ENABLE_STRICT_OBJC_MSGSEND = YES;
				ENABLE_TESTABILITY = YES;
				ENABLE_USER_SCRIPT_SANDBOXING = YES;
				GCC_C_LANGUAGE_STANDARD = gnu17;
				GCC_DYNAMIC_NO_PIC = NO;
				GCC_NO_COMMON_BLOCKS = YES;
				GCC_OPTIMIZATION_LEVEL = 0;
				GCC_PREPROCESSOR_DEFINITIONS = (
					"DEBUG=1",
					"$(inherited)",
				);
				GCC_WARN_64_TO_32_BIT_CONVERSION = YES;
				GCC_WARN_ABOUT_RETURN_TYPE = YES_ERROR;
				GCC_WARN_UNDECLARED_SELECTOR = YES;
				GCC_WARN_UNINITIALIZED_AUTOS = YES_AGGRESSIVE;
				GCC_WARN_UNUSED_FUNCTION = YES;
				GCC_WARN_UNUSED_VARIABLE = YES;
				LOCALIZATION_PREFERS_STRING_CATALOGS = YES;
				MACOSX_DEPLOYMENT_TARGET = 14.5;
				MTL_ENABLE_DEBUG_INFO = INCLUDE_SOURCE;
				MTL_FAST_MATH = YES;
				ONLY_ACTIVE_ARCH = YES;
				SDKROOT = macosx;
				SWIFT_ACTIVE_COMPILATION_CONDITIONS = "DEBUG $(inherited)";
				SWIFT_OPTIMIZATION_LEVEL = "-Onone";
			};
			name = Debug;
		};
		34A341492C4FEFB5001481F4 /* Release */ = {
			isa = XCBuildConfiguration;
			buildSettings = {
				ALWAYS_SEARCH_USER_PATHS = NO;
				ASSETCATALOG_COMPILER_GENERATE_SWIFT_ASSET_SYMBOL_EXTENSIONS = YES;
				CLANG_ANALYZER_NONNULL = YES;
				CLANG_ANALYZER_NUMBER_OBJECT_CONVERSION = YES_AGGRESSIVE;
				CLANG_CXX_LANGUAGE_STANDARD = "gnu++20";
				CLANG_ENABLE_MODULES = YES;
				CLANG_ENABLE_OBJC_ARC = YES;
				CLANG_ENABLE_OBJC_WEAK = YES;
				CLANG_WARN_BLOCK_CAPTURE_AUTORELEASING = YES;
				CLANG_WARN_BOOL_CONVERSION = YES;
				CLANG_WARN_COMMA = YES;
				CLANG_WARN_CONSTANT_CONVERSION = YES;
				CLANG_WARN_DEPRECATED_OBJC_IMPLEMENTATIONS = YES;
				CLANG_WARN_DIRECT_OBJC_ISA_USAGE = YES_ERROR;
				CLANG_WARN_DOCUMENTATION_COMMENTS = YES;
				CLANG_WARN_EMPTY_BODY = YES;
				CLANG_WARN_ENUM_CONVERSION = YES;
				CLANG_WARN_INFINITE_RECURSION = YES;
				CLANG_WARN_INT_CONVERSION = YES;
				CLANG_WARN_NON_LITERAL_NULL_CONVERSION = YES;
				CLANG_WARN_OBJC_IMPLICIT_RETAIN_SELF = YES;
				CLANG_WARN_OBJC_LITERAL_CONVERSION = YES;
				CLANG_WARN_OBJC_ROOT_CLASS = YES_ERROR;
				CLANG_WARN_QUOTED_INCLUDE_IN_FRAMEWORK_HEADER = YES;
				CLANG_WARN_RANGE_LOOP_ANALYSIS = YES;
				CLANG_WARN_STRICT_PROTOTYPES = YES;
				CLANG_WARN_SUSPICIOUS_MOVE = YES;
				CLANG_WARN_UNGUARDED_AVAILABILITY = YES_AGGRESSIVE;
				CLANG_WARN_UNREACHABLE_CODE = YES;
				CLANG_WARN__DUPLICATE_METHOD_MATCH = YES;
				COPY_PHASE_STRIP = NO;
				DEBUG_INFORMATION_FORMAT = "dwarf-with-dsym";
				ENABLE_NS_ASSERTIONS = NO;
				ENABLE_STRICT_OBJC_MSGSEND = YES;
				ENABLE_USER_SCRIPT_SANDBOXING = YES;
				GCC_C_LANGUAGE_STANDARD = gnu17;
				GCC_NO_COMMON_BLOCKS = YES;
				GCC_WARN_64_TO_32_BIT_CONVERSION = YES;
				GCC_WARN_ABOUT_RETURN_TYPE = YES_ERROR;
				GCC_WARN_UNDECLARED_SELECTOR = YES;
				GCC_WARN_UNINITIALIZED_AUTOS = YES_AGGRESSIVE;
				GCC_WARN_UNUSED_FUNCTION = YES;
				GCC_WARN_UNUSED_VARIABLE = YES;
				LOCALIZATION_PREFERS_STRING_CATALOGS = YES;
				MACOSX_DEPLOYMENT_TARGET = 14.5;
				MTL_ENABLE_DEBUG_INFO = NO;
				MTL_FAST_MATH = YES;
				SDKROOT = macosx;
				SWIFT_COMPILATION_MODE = wholemodule;
			};
			name = Release;
		};
		34A3414B2C4FEFB5001481F4 /* Debug */ = {
			isa = XCBuildConfiguration;
			buildSettings = {
				ASSETCATALOG_COMPILER_APPICON_NAME = AppIcon;
				ASSETCATALOG_COMPILER_GLOBAL_ACCENT_COLOR_NAME = AccentColor;
				CODE_SIGN_ENTITLEMENTS = AIInput/AIInput.entitlements;
				CODE_SIGN_STYLE = Automatic;
				COMBINE_HIDPI_IMAGES = YES;
				CURRENT_PROJECT_VERSION = 1;
				DEVELOPMENT_TEAM = NT9VR9C9HY;
				ENABLE_HARDENED_RUNTIME = YES;
				GENERATE_INFOPLIST_FILE = YES;
				INFOPLIST_FILE = AIInput/Info.plist;
				INFOPLIST_KEY_NSHumanReadableCopyright = "";
				INFOPLIST_KEY_NSMainNibFile = MainMenu;
				INFOPLIST_KEY_NSPrincipalClass = NSApplication;
				LD_RUNPATH_SEARCH_PATHS = (
					"$(inherited)",
					"@executable_path/../Frameworks",
				);
				MACOSX_DEPLOYMENT_TARGET = 11.0;
				MARKETING_VERSION = 1.0;
				PRODUCT_BUNDLE_IDENTIFIER = com.ws.AIInput;
				PRODUCT_NAME = "$(TARGET_NAME)";
				SWIFT_EMIT_LOC_STRINGS = YES;
				SWIFT_VERSION = 5.0;
			};
			name = Debug;
		};
		34A3414C2C4FEFB5001481F4 /* Release */ = {
			isa = XCBuildConfiguration;
			buildSettings = {
				ASSETCATALOG_COMPILER_APPICON_NAME = AppIcon;
				ASSETCATALOG_COMPILER_GLOBAL_ACCENT_COLOR_NAME = AccentColor;
				CODE_SIGN_ENTITLEMENTS = AIInput/AIInput.entitlements;
				CODE_SIGN_STYLE = Automatic;
				COMBINE_HIDPI_IMAGES = YES;
				CURRENT_PROJECT_VERSION = 1;
				DEVELOPMENT_TEAM = NT9VR9C9HY;
				ENABLE_HARDENED_RUNTIME = YES;
				GENERATE_INFOPLIST_FILE = YES;
				INFOPLIST_FILE = AIInput/Info.plist;
				INFOPLIST_KEY_NSHumanReadableCopyright = "";
				INFOPLIST_KEY_NSMainNibFile = MainMenu;
				INFOPLIST_KEY_NSPrincipalClass = NSApplication;
				LD_RUNPATH_SEARCH_PATHS = (
					"$(inherited)",
					"@executable_path/../Frameworks",
				);
				MACOSX_DEPLOYMENT_TARGET = 11.0;
				MARKETING_VERSION = 1.0;
				PRODUCT_BUNDLE_IDENTIFIER = com.ws.AIInput;
				PRODUCT_NAME = "$(TARGET_NAME)";
				SWIFT_EMIT_LOC_STRINGS = YES;
				SWIFT_VERSION = 5.0;
			};
			name = Release;
		};
/* End XCBuildConfiguration section */

/* Begin XCConfigurationList section */
		34A341382C4FEFB4001481F4 /* Build configuration list for PBXProject "AIInput" */ = {
			isa = XCConfigurationList;
			buildConfigurations = (
				34A341482C4FEFB5001481F4 /* Debug */,
				34A341492C4FEFB5001481F4 /* Release */,
			);
			defaultConfigurationIsVisible = 0;
			defaultConfigurationName = Release;
		};
		34A3414A2C4FEFB5001481F4 /* Build configuration list for PBXNativeTarget "AIInput" */ = {
			isa = XCConfigurationList;
			buildConfigurations = (
				34A3414B2C4FEFB5001481F4 /* Debug */,
				34A3414C2C4FEFB5001481F4 /* Release */,
			);
			defaultConfigurationIsVisible = 0;
			defaultConfigurationName = Release;
		};
/* End XCConfigurationList section */

/* Begin XCRemoteSwiftPackageReference section */
		34A341522C4FF72D001481F4 /* XCRemoteSwiftPackageReference "SnapKit" */ = {
			isa = XCRemoteSwiftPackageReference;
			repositoryURL = "https://github.com/SnapKit/SnapKit";
			requirement = {
				kind = upToNextMajorVersion;
				minimumVersion = 5.7.1;
			};
		};
		34BDBBF22C593D7F009DF4C3 /* XCRemoteSwiftPackageReference "KeyboardShortcuts" */ = {
			isa = XCRemoteSwiftPackageReference;
			repositoryURL = "https://github.com/sindresorhus/KeyboardShortcuts";
			requirement = {
				kind = upToNextMajorVersion;
				minimumVersion = 2.0.1;
			};
		};
		34F4860B2C5943C200CF3115 /* XCRemoteSwiftPackageReference "OpenAI" */ = {
			isa = XCRemoteSwiftPackageReference;
			repositoryURL = "https://github.com/MacPaw/OpenAI.git";
			requirement = {
				kind = upToNextMajorVersion;
				minimumVersion = 0.3.0;
			};
		};
		34F4860E2C5943E600CF3115 /* XCRemoteSwiftPackageReference "SwiftyUserDefaults" */ = {
			isa = XCRemoteSwiftPackageReference;
			repositoryURL = "https://github.com/sunshinejr/SwiftyUserDefaults";
			requirement = {
				kind = upToNextMajorVersion;
				minimumVersion = 5.3.0;
			};
		};
		34F486162C59457500CF3115 /* XCRemoteSwiftPackageReference "OpenAPIKit" */ = {
			isa = XCRemoteSwiftPackageReference;
			repositoryURL = "https://github.com/mattpolzin/OpenAPIKit";
			requirement = {
				kind = upToNextMajorVersion;
				minimumVersion = 3.2.0;
			};
		};
/* End XCRemoteSwiftPackageReference section */

/* Begin XCSwiftPackageProductDependency section */
		34A341532C4FF72D001481F4 /* SnapKit */ = {
			isa = XCSwiftPackageProductDependency;
			package = 34A341522C4FF72D001481F4 /* XCRemoteSwiftPackageReference "SnapKit" */;
			productName = SnapKit;
		};
		34BDBBF32C593D7F009DF4C3 /* KeyboardShortcuts */ = {
			isa = XCSwiftPackageProductDependency;
			package = 34BDBBF22C593D7F009DF4C3 /* XCRemoteSwiftPackageReference "KeyboardShortcuts" */;
			productName = KeyboardShortcuts;
		};
		34F4860C2C5943C200CF3115 /* OpenAI */ = {
			isa = XCSwiftPackageProductDependency;
			package = 34F4860B2C5943C200CF3115 /* XCRemoteSwiftPackageReference "OpenAI" */;
			productName = OpenAI;
		};
		34F4860F2C5943E600CF3115 /* SwiftyUserDefaults */ = {
			isa = XCSwiftPackageProductDependency;
			package = 34F4860E2C5943E600CF3115 /* XCRemoteSwiftPackageReference "SwiftyUserDefaults" */;
			productName = SwiftyUserDefaults;
		};
		34F486172C59457500CF3115 /* OpenAPIKit */ = {
			isa = XCSwiftPackageProductDependency;
			package = 34F486162C59457500CF3115 /* XCRemoteSwiftPackageReference "OpenAPIKit" */;
			productName = OpenAPIKit;
		};
		34F486192C59457500CF3115 /* OpenAPIKit30 */ = {
			isa = XCSwiftPackageProductDependency;
			package = 34F486162C59457500CF3115 /* XCRemoteSwiftPackageReference "OpenAPIKit" */;
			productName = OpenAPIKit30;
		};
		34F4861B2C59457500CF3115 /* OpenAPIKitCompat */ = {
			isa = XCSwiftPackageProductDependency;
			package = 34F486162C59457500CF3115 /* XCRemoteSwiftPackageReference "OpenAPIKit" */;
			productName = OpenAPIKitCompat;
		};
/* End XCSwiftPackageProductDependency section */
	};
	rootObject = 34A341352C4FEFB4001481F4 /* Project object */;
}
